{
    "_readme": [
        "This file locks the dependencies of your project to a known state",
        "Read more about it at https://getcomposer.org/doc/01-basic-usage.md#composer-lock-the-lock-file",
        "This file is @generated automatically"
    ],
    "hash": "8dd5f5df277edebd336c243d694688e2",
    "content-hash": "a94beddf9265bbe5cdfb7e12fa5c4ad2",
    "packages": [
        {
            "name": "atk4/core",
            "version": "1.2.2",
            "source": {
                "type": "git",
                "url": "https://github.com/atk4/core.git",
                "reference": "5aaf21b54845591fe05e57a44b0e6bb6adb215f2"
            },
            "dist": {
                "type": "zip",
                "url": "https://api.github.com/repos/atk4/core/zipball/5aaf21b54845591fe05e57a44b0e6bb6adb215f2",
                "reference": "5aaf21b54845591fe05e57a44b0e6bb6adb215f2",
                "shasum": ""
            },
            "require": {
                "php": ">=5.5.0"
            },
            "require-dev": {
                "codeclimate/php-test-reporter": "*",
                "phpunit/phpunit": "~4.0"
            },
            "type": "library",
            "autoload": {
                "psr-4": {
                    "atk4\\core\\": "src/"
                }
            },
            "notification-url": "https://packagist.org/downloads/",
            "license": [
                "MIT"
            ],
            "authors": [
                {
                    "name": "Romans Malinovskis",
                    "email": "romans@agiletoolkit.org",
                    "homepage": "https://nearly.guru/"
                }
            ],
            "description": "Agile Core - collection of PHP Traits for designing object-oriented frameworks",
            "homepage": "https://github.com/atk4/core",
            "keywords": [
                "Agile Toolkit",
                "framework",
                "php",
                "trains"
            ],
            "time": "2017-04-13 01:51:36"
        },
        {
            "name": "atk4/data",
            "version": "1.1.16",
            "source": {
                "type": "git",
                "url": "https://github.com/atk4/data.git",
                "reference": "c6674bccb565b93db0f90ea142a59f700038f471"
            },
            "dist": {
                "type": "zip",
                "url": "https://api.github.com/repos/atk4/data/zipball/c6674bccb565b93db0f90ea142a59f700038f471",
                "reference": "c6674bccb565b93db0f90ea142a59f700038f471",
                "shasum": ""
            },
            "require": {
                "atk4/core": "^1.2",
                "atk4/dsql": "^1.1",
                "php": ">=5.6.0"
            },
            "require-dev": {
                "atk4/schema": "*",
                "codeclimate/php-test-reporter": "*",
                "phpunit/phpunit": "<6"
            },
            "type": "library",
            "autoload": {
                "psr-4": {
                    "atk4\\data\\": "src/"
                }
            },
            "notification-url": "https://packagist.org/downloads/",
            "license": [
                "MIT"
            ],
            "authors": [
                {
                    "name": "Romans Malinovskis",
                    "email": "romans@agiletoolkit.org",
                    "homepage": "https://nearly.guru/"
                }
            ],
            "description": "Agile Data - Database access abstraction framework",
            "homepage": "https://github.com/atk4/data",
            "keywords": [
                "Active Record",
                "builder",
                "framework",
                "mongodb",
                "mysql",
                "nosql",
                "orm",
                "postgresql",
                "query",
                "sql"
            ],
            "time": "2017-04-28 09:00:39"
        },
        {
            "name": "atk4/dsql",
            "version": "1.1.4",
            "source": {
                "type": "git",
                "url": "https://github.com/atk4/dsql.git",
                "reference": "576bba88b0ed39dc99a9aa16e69d10a884237f30"
            },
            "dist": {
                "type": "zip",
                "url": "https://api.github.com/repos/atk4/dsql/zipball/576bba88b0ed39dc99a9aa16e69d10a884237f30",
                "reference": "576bba88b0ed39dc99a9aa16e69d10a884237f30",
                "shasum": ""
            },
            "require": {
                "atk4/core": "^1.2",
                "php": ">=5.6.0"
            },
            "require-dev": {
                "codeclimate/php-test-reporter": "*",
                "phpunit/dbunit": ">=1.2",
                "phpunit/phpcov": "*",
                "phpunit/phpunit": "<6"
            },
            "suggest": {
                "jdorn/sql-formatter": "*"
            },
            "type": "library",
            "autoload": {
                "psr-4": {
                    "atk4\\dsql\\": "src/"
                }
            },
            "notification-url": "https://packagist.org/downloads/",
            "license": [
                "MIT"
            ],
            "authors": [
                {
                    "name": "Romans Malinovskis",
                    "email": "romans@agiletoolkit.org",
                    "homepage": "https://nearly.guru/"
                }
            ],
            "description": "Dynamic SQL Builder in PHP",
            "homepage": "http://agiletoolkit.org/",
            "keywords": [
                "builder",
                "framework",
                "orm",
                "sql"
            ],
            "time": "2017-04-13 01:42:27"
        },
        {
            "name": "atk4/ui",
            "version": "1.1.1",
            "source": {
                "type": "git",
                "url": "https://github.com/atk4/ui.git",
                "reference": "a93bf2bdc45643af57e2259745b8e2e6f6fe9688"
            },
            "dist": {
                "type": "zip",
                "url": "https://api.github.com/repos/atk4/ui/zipball/a93bf2bdc45643af57e2259745b8e2e6f6fe9688",
                "reference": "a93bf2bdc45643af57e2259745b8e2e6f6fe9688",
                "shasum": ""
            },
            "require": {
                "atk4/core": "^1.2",
                "atk4/data": "^1.1",
                "fzaninotto/faker": "*",
                "php": ">=5.6.0"
            },
            "require-dev": {
                "codeclimate/php-test-reporter": "*",
                "phpunit/phpunit": "<6"
            },
            "type": "library",
            "autoload": {
                "psr-4": {
                    "atk4\\ui\\": "src/"
                }
            },
            "notification-url": "https://packagist.org/downloads/",
            "license": [
                "MIT"
            ],
            "authors": [
                {
                    "name": "Romans Malinovskis",
                    "email": "romans@agiletoolkit.org",
                    "homepage": "https://nearly.guru/"
                }
            ],
            "description": "Agile UI - Web Component Framework written in PHP",
            "homepage": "https://agiletoolkit.org/ui",
            "keywords": [
                "button",
                "component",
                "crud",
                "form",
                "framework",
                "gadget",
                "grid",
                "render",
                "ui",
                "web",
                "widget"
            ],
            "time": "2017-04-28 22:04:23"
        },
        {
            "name": "fzaninotto/faker",
            "version": "v1.6.0",
            "source": {
                "type": "git",
                "url": "https://github.com/fzaninotto/Faker.git",
                "reference": "44f9a286a04b80c76a4e5fb7aad8bb539b920123"
            },
            "dist": {
                "type": "zip",
                "url": "https://api.github.com/repos/fzaninotto/Faker/zipball/44f9a286a04b80c76a4e5fb7aad8bb539b920123",
                "reference": "44f9a286a04b80c76a4e5fb7aad8bb539b920123",
                "shasum": ""
            },
            "require": {
                "php": "^5.3.3|^7.0"
            },
            "require-dev": {
                "ext-intl": "*",
                "phpunit/phpunit": "~4.0",
                "squizlabs/php_codesniffer": "~1.5"
            },
            "type": "library",
            "extra": {
                "branch-alias": []
            },
            "autoload": {
                "psr-4": {
                    "Faker\\": "src/Faker/"
                }
            },
            "notification-url": "https://packagist.org/downloads/",
            "license": [
                "MIT"
            ],
            "authors": [
                {
                    "name": "François Zaninotto"
                }
            ],
            "description": "Faker is a PHP library that generates fake data for you.",
            "keywords": [
                "data",
                "faker",
                "fixtures"
            ],
            "time": "2016-04-29 12:21:54"
        }
    ],
    "packages-dev": [],
    "aliases": [],
    "minimum-stability": "stable",
    "stability-flags": [],
    "prefer-stable": false,
    "prefer-lowest": false,
    "platform": [],
    "platform-dev": []
}
